# This file is automatically @generated by Cargo.
# It is not intended for manual editing.
version = 4

[[package]]
name = "tribler-api"
version = "0.1.0"

[[package]]
name = "tribler-bittorrent"
version = "0.1.0"

[[package]]
name = "tribler-cli"
version = "0.1.0"

[[package]]
name = "tribler-core"
version = "0.1.0"

[[package]]
name = "tribler-crypto"
version = "0.1.0"

[[package]]
name = "tribler-daemon"
version = "0.1.0"

[[package]]
name = "tribler-db"
version = "0.1.0"

[[package]]
name = "tribler-format"
version = "0.1.0"

[[package]]
name = "tribler-ipv8"
version = "0.1.0"

[[package]]
name = "tribler-network-policy"
version = "0.1.0"

[[package]]
name = "tribler-test-support"
version = "0.1.0"

[[package]]
name = "tribler-tunnel"
version = "0.1.0"
